
Microsoft Visual Studio Solution File, Format Version 12.00
# Visual Studio 15
VisualStudioVersion = 15.0.28307.329
MinimumVisualStudioVersion = 10.0.40219.1
Project("{FAE04EC0-301F-11D3-BF4B-00C04F79EFBC}") = "YaDemo", "YaDemo\YaDemo.csproj", "{D63CA47E-9C5C-4BA7-B4FC-1E44FCADB26A}"
EndProject
Global
	GlobalSection(SolutionConfigurationPlatforms) = preSolution
		Debug|Any CPU = Debug|Any CPU
		Release|Any CPU = Release|Any CPU
	EndGlobalSection
	GlobalSection(ProjectConfigurationPlatforms) = postSolution
		{D63CA47E-9C5C-4BA7-B4FC-1E44FCADB26A}.Debug|Any CPU.ActiveCfg = Debug|Any CPU
		{D63CA47E-9C5C-4BA7-B4FC-1E44FCADB26A}.Debug|Any CPU.Build.0 = Debug|Any CPU
		{D63CA47E-9C5C-4BA7-B4FC-1E44FCADB26A}.Release|Any CPU.ActiveCfg = Release|Any CPU
		{D63CA47E-9C5C-4BA7-B4FC-1E44FCADB26A}.Release|Any CPU.Build.0 = Release|Any CPU
	EndGlobalSection
	GlobalSection(SolutionProperties) = preSolution
		HideSolutionNode = FALSE
	EndGlobalSection
	GlobalSection(ExtensibilityGlobals) = postSolution
		SolutionGuid = {020B8C7B-94F7-4D79-ACCF-252C86E8F7CC}
	EndGlobalSection
EndGlobal
